hash: 1c01023277558245e5ecb7d6d691fa1e739e25da7192c57dc923ab1d93e93de3
updated: 2017-04-19T13:49:33.378610795+02:00
imports:
- name: github.com/gorilla/context
  version: 08b5f424b9271eedf6f9f0ce86cb9396ed337a42
- name: github.com/gorilla/mux
  version: 392c28fe23e1c45ddba891b0320b3b5df220beea
testImports: []
